{
  "name": "visual-architect-skill",
  "version": "1.2.0",
  "lockfileVersion": 3,
  "requires": true,
  "packages": {
    "": {
      "name": "visual-architect-skill",
      "version": "1.2.0",
      "license": "MIT",
      "bin": {
        "visual-architect-skill": "bin/visual-architect.mjs",
        "visual-architect": "bin/visual-architect.mjs"
      },
      "engines": {
        "node": ">=18"
      }
    }
  }
}
